
Microsoft Visual Studio Solution File, Format Version 12.00
# Visual Studio Version 17
VisualStudioVersion = 17.9.34714.143
MinimumVisualStudioVersion = 10.0.40219.1
Project("{FAE04EC0-301F-11D3-BF4B-00C04F79EFBC}") = "ThreadSafe", "ThreadSafe\ThreadSafe.csproj", "{08E50709-4F80-4DCC-80E9-5F390609E5B1}"
EndProject
Global
	GlobalSection(SolutionConfigurationPlatforms) = preSolution
		Debug|Any CPU = Debug|Any CPU
		Release|Any CPU = Release|Any CPU
	EndGlobalSection
	GlobalSection(ProjectConfigurationPlatforms) = postSolution
		{08E50709-4F80-4DCC-80E9-5F390609E5B1}.Debug|Any CPU.ActiveCfg = Debug|Any CPU
		{08E50709-4F80-4DCC-80E9-5F390609E5B1}.Debug|Any CPU.Build.0 = Debug|Any CPU
		{08E50709-4F80-4DCC-80E9-5F390609E5B1}.Release|Any CPU.ActiveCfg = Release|Any CPU
		{08E50709-4F80-4DCC-80E9-5F390609E5B1}.Release|Any CPU.Build.0 = Release|Any CPU
	EndGlobalSection
	GlobalSection(SolutionProperties) = preSolution
		HideSolutionNode = FALSE
	EndGlobalSection
	GlobalSection(ExtensibilityGlobals) = postSolution
		SolutionGuid = {4FA7BC61-7B02-4E37-BE45-9D1EA6EA6228}
	EndGlobalSection
EndGlobal
